// !$*UTF8*$!
{
	archiveVersion = 1;
	classes = {
	};
	objectVersion = 46;
	objects = {

/* Begin PBXBuildFile section */
		6E7E38531B67F19E00A534D5 /* StringExtTest.swift in Sources */ = {isa = PBXBuildFile; fileRef = 6E7E38521B67F19E00A534D5 /* StringExtTest.swift */; };
		6E7E38541B67F3A100A534D5 /* String.swift in Sources */ = {isa = PBXBuildFile; fileRef = 6E7E38431B67EB1000A534D5 /* String.swift */; };
		6E7E38561B67F6E700A534D5 /* Array.swift in Sources */ = {isa = PBXBuildFile; fileRef = 6E7E38551B67F6E700A534D5 /* Array.swift */; };
/* End PBXBuildFile section */

/* Begin PBXFileReference section */
		6E7E38431B67EB1000A534D5 /* String.swift */ = {isa = PBXFileReference; lastKnownFileType = sourcecode.swift; path = String.swift; sourceTree = "<group>"; };
		6E7E38481B67EC0500A534D5 /* Utilities Test.xctest */ = {isa = PBXFileReference; explicitFileType = wrapper.cfbundle; includeInIndex = 0; path = "Utilities Test.xctest"; sourceTree = BUILT_PRODUCTS_DIR; };
		6E7E384C1B67EC0500A534D5 /* Info.plist */ = {isa = PBXFileReference; lastKnownFileType = text.plist.xml; path = Info.plist; sourceTree = "<group>"; };
		6E7E38521B67F19E00A534D5 /* StringExtTest.swift */ = {isa = PBXFileReference; fileEncoding = 4; lastKnownFileType = sourcecode.swift; path = StringExtTest.swift; sourceTree = "<group>"; };
		6E7E38551B67F6E700A534D5 /* Array.swift */ = {isa = PBXFileReference; fileEncoding = 4; lastKnownFileType = sourcecode.swift; path = Array.swift; sourceTree = "<group>"; };
/* End PBXFileReference section */

/* Begin PBXFrameworksBuildPhase section */
		6E7E38451B67EC0500A534D5 /* Frameworks */ = {
			isa = PBXFrameworksBuildPhase;
			buildActionMask = 2147483647;
			files = (
			);
			runOnlyForDeploymentPostprocessing = 0;
		};
/* End PBXFrameworksBuildPhase section */

/* Begin PBXGroup section */
		6E7E383C1B67E91800A534D5 = {
			isa = PBXGroup;
			children = (
				6E7E38581B67FD8C00A534D5 /* Ext */,
				6E7E384A1B67EC0500A534D5 /* Utilities Test */,
				6E7E38491B67EC0500A534D5 /* Products */,
			);
			sourceTree = "<group>";
		};
		6E7E38491B67EC0500A534D5 /* Products */ = {
			isa = PBXGroup;
			children = (
				6E7E38481B67EC0500A534D5 /* Utilities Test.xctest */,
			);
			name = Products;
			sourceTree = "<group>";
		};
		6E7E384A1B67EC0500A534D5 /* Utilities Test */ = {
			isa = PBXGroup;
			children = (
				6E7E38521B67F19E00A534D5 /* StringExtTest.swift */,
				6E7E384B1B67EC0500A534D5 /* Supporting Files */,
			);
			path = "Utilities Test";
			sourceTree = "<group>";
		};
		6E7E384B1B67EC0500A534D5 /* Supporting Files */ = {
			isa = PBXGroup;
			children = (
				6E7E384C1B67EC0500A534D5 /* Info.plist */,
			);
			name = "Supporting Files";
			sourceTree = "<group>";
		};
		6E7E38581B67FD8C00A534D5 /* Ext */ = {
			isa = PBXGroup;
			children = (
				6E7E38551B67F6E700A534D5 /* Array.swift */,
				6E7E38431B67EB1000A534D5 /* String.swift */,
			);
			path = Ext;
			sourceTree = SOURCE_ROOT;
		};
/* End PBXGroup section */

/* Begin PBXNativeTarget section */
		6E7E38471B67EC0500A534D5 /* Utilities Test */ = {
			isa = PBXNativeTarget;
			buildConfigurationList = 6E7E384F1B67EC0500A534D5 /* Build configuration list for PBXNativeTarget "Utilities Test" */;
			buildPhases = (
				6E7E38441B67EC0500A534D5 /* Sources */,
				6E7E38451B67EC0500A534D5 /* Frameworks */,
				6E7E38461B67EC0500A534D5 /* Resources */,
			);
			buildRules = (
			);
			dependencies = (
			);
			name = "Utilities Test";
			productName = "Utilities Test";
			productReference = 6E7E38481B67EC0500A534D5 /* Utilities Test.xctest */;
			productType = "com.apple.product-type.bundle.unit-test";
		};
/* End PBXNativeTarget section */

/* Begin PBXProject section */
		6E7E383D1B67E91800A534D5 /* Project object */ = {
			isa = PBXProject;
			attributes = {
				LastUpgradeCheck = 0640;
				TargetAttributes = {
					6E7E38471B67EC0500A534D5 = {
						CreatedOnToolsVersion = 6.4;
					};
				};
			};
			buildConfigurationList = 6E7E38401B67E91800A534D5 /* Build configuration list for PBXProject "Utilities" */;
			compatibilityVersion = "Xcode 3.2";
			developmentRegion = English;
			hasScannedForEncodings = 0;
			knownRegions = (
				en,
			);
			mainGroup = 6E7E383C1B67E91800A534D5;
			productRefGroup = 6E7E38491B67EC0500A534D5 /* Products */;
			projectDirPath = "";
			projectRoot = "";
			targets = (
				6E7E38471B67EC0500A534D5 /* Utilities Test */,
			);
		};
/* End PBXProject section */

/* Begin PBXResourcesBuildPhase section */
		6E7E38461B67EC0500A534D5 /* Resources */ = {
			isa = PBXResourcesBuildPhase;
			buildActionMask = 2147483647;
			files = (
			);
			runOnlyForDeploymentPostprocessing = 0;
		};
/* End PBXResourcesBuildPhase section */

/* Begin PBXSourcesBuildPhase section */
		6E7E38441B67EC0500A534D5 /* Sources */ = {
			isa = PBXSourcesBuildPhase;
			buildActionMask = 2147483647;
			files = (
				6E7E38561B67F6E700A534D5 /* Array.swift in Sources */,
				6E7E38541B67F3A100A534D5 /* String.swift in Sources */,
				6E7E38531B67F19E00A534D5 /* StringExtTest.swift in Sources */,
			);
			runOnlyForDeploymentPostprocessing = 0;
		};
/* End PBXSourcesBuildPhase section */

/* Begin XCBuildConfiguration section */
		6E7E38411B67E91800A534D5 /* Debug */ = {
			isa = XCBuildConfiguration;
			buildSettings = {
			};
			name = Debug;
		};
		6E7E38421B67E91800A534D5 /* Release */ = {
			isa = XCBuildConfiguration;
			buildSettings = {
			};
			name = Release;
		};
		6E7E38501B67EC0500A534D5 /* Debug */ = {
			isa = XCBuildConfiguration;
			buildSettings = {
				ALWAYS_SEARCH_USER_PATHS = NO;
				CLANG_CXX_LANGUAGE_STANDARD = "gnu++0x";
				CLANG_CXX_LIBRARY = "libc++";
				CLANG_ENABLE_MODULES = YES;
				CLANG_ENABLE_OBJC_ARC = YES;
				CLANG_WARN_BOOL_CONVERSION = YES;
				CLANG_WARN_CONSTANT_CONVERSION = YES;
				CLANG_WARN_DIRECT_OBJC_ISA_USAGE = YES_ERROR;
				CLANG_WARN_EMPTY_BODY = YES;
				CLANG_WARN_ENUM_CONVERSION = YES;
				CLANG_WARN_INT_CONVERSION = YES;
				CLANG_WARN_OBJC_ROOT_CLASS = YES_ERROR;
				CLANG_WARN_UNREACHABLE_CODE = YES;
				CLANG_WARN__DUPLICATE_METHOD_MATCH = YES;
				COPY_PHASE_STRIP = NO;
				DEBUG_INFORMATION_FORMAT = "dwarf-with-dsym";
				ENABLE_STRICT_OBJC_MSGSEND = YES;
				FRAMEWORK_SEARCH_PATHS = (
					"$(SDKROOT)/Developer/Library/Frameworks",
					"$(inherited)",
				);
				GCC_C_LANGUAGE_STANDARD = gnu99;
				GCC_DYNAMIC_NO_PIC = NO;
				GCC_NO_COMMON_BLOCKS = YES;
				GCC_OPTIMIZATION_LEVEL = 0;
				GCC_PREPROCESSOR_DEFINITIONS = (
					"DEBUG=1",
					"$(inherited)",
				);
				GCC_SYMBOLS_PRIVATE_EXTERN = NO;
				GCC_WARN_64_TO_32_BIT_CONVERSION = YES;
				GCC_WARN_ABOUT_RETURN_TYPE = YES_ERROR;
				GCC_WARN_UNDECLARED_SELECTOR = YES;
				GCC_WARN_UNINITIALIZED_AUTOS = YES_AGGRESSIVE;
				GCC_WARN_UNUSED_FUNCTION = YES;
				GCC_WARN_UNUSED_VARIABLE = YES;
				INFOPLIST_FILE = "Utilities Test/Info.plist";
				IPHONEOS_DEPLOYMENT_TARGET = 8.4;
				LD_RUNPATH_SEARCH_PATHS = "$(inherited) @executable_path/Frameworks @loader_path/Frameworks";
				MTL_ENABLE_DEBUG_INFO = YES;
				ONLY_ACTIVE_ARCH = YES;
				PRODUCT_NAME = "$(TARGET_NAME)";
				SDKROOT = iphoneos;
				SWIFT_OPTIMIZATION_LEVEL = "-Onone";
			};
			name = Debug;
		};
		6E7E38511B67EC0500A534D5 /* Release */ = {
			isa = XCBuildConfiguration;
			buildSettings = {
				ALWAYS_SEARCH_USER_PATHS = NO;
				CLANG_CXX_LANGUAGE_STANDARD = "gnu++0x";
				CLANG_CXX_LIBRARY = "libc++";
				CLANG_ENABLE_MODULES = YES;
				CLANG_ENABLE_OBJC_ARC = YES;
				CLANG_WARN_BOOL_CONVERSION = YES;
				CLANG_WARN_CONSTANT_CONVERSION = YES;
				CLANG_WARN_DIRECT_OBJC_ISA_USAGE = YES_ERROR;
				CLANG_WARN_EMPTY_BODY = YES;
				CLANG_WARN_ENUM_CONVERSION = YES;
				CLANG_WARN_INT_CONVERSION = YES;
				CLANG_WARN_OBJC_ROOT_CLASS = YES_ERROR;
				CLANG_WARN_UNREACHABLE_CODE = YES;
				CLANG_WARN__DUPLICATE_METHOD_MATCH = YES;
				COPY_PHASE_STRIP = NO;
				DEBUG_INFORMATION_FORMAT = "dwarf-with-dsym";
				ENABLE_NS_ASSERTIONS = NO;
				ENABLE_STRICT_OBJC_MSGSEND = YES;
				FRAMEWORK_SEARCH_PATHS = (
					"$(SDKROOT)/Developer/Library/Frameworks",
					"$(inherited)",
				);
				GCC_C_LANGUAGE_STANDARD = gnu99;
				GCC_NO_COMMON_BLOCKS = YES;
				GCC_WARN_64_TO_32_BIT_CONVERSION = YES;
				GCC_WARN_ABOUT_RETURN_TYPE = YES_ERROR;
				GCC_WARN_UNDECLARED_SELECTOR = YES;
				GCC_WARN_UNINITIALIZED_AUTOS = YES_AGGRESSIVE;
				GCC_WARN_UNUSED_FUNCTION = YES;
				GCC_WARN_UNUSED_VARIABLE = YES;
				INFOPLIST_FILE = "Utilities Test/Info.plist";
				IPHONEOS_DEPLOYMENT_TARGET = 8.4;
				LD_RUNPATH_SEARCH_PATHS = "$(inherited) @executable_path/Frameworks @loader_path/Frameworks";
				MTL_ENABLE_DEBUG_INFO = NO;
				PRODUCT_NAME = "$(TARGET_NAME)";
				SDKROOT = iphoneos;
				VALIDATE_PRODUCT = YES;
			};
			name = Release;
		};
/* End XCBuildConfiguration section */

/* Begin XCConfigurationList section */
		6E7E38401B67E91800A534D5 /* Build configuration list for PBXProject "Utilities" */ = {
			isa = XCConfigurationList;
			buildConfigurations = (
				6E7E38411B67E91800A534D5 /* Debug */,
				6E7E38421B67E91800A534D5 /* Release */,
			);
			defaultConfigurationIsVisible = 0;
			defaultConfigurationName = Release;
		};
		6E7E384F1B67EC0500A534D5 /* Build configuration list for PBXNativeTarget "Utilities Test" */ = {
			isa = XCConfigurationList;
			buildConfigurations = (
				6E7E38501B67EC0500A534D5 /* Debug */,
				6E7E38511B67EC0500A534D5 /* Release */,
			);
			defaultConfigurationIsVisible = 0;
			defaultConfigurationName = Release;
		};
/* End XCConfigurationList section */
	};
	rootObject = 6E7E383D1B67E91800A534D5 /* Project object */;
}
